<?xml version="1.0" encoding="utf-8"?>
<Project ToolsVersion="4.0" xmlns="http://schemas.microsoft.com/developer/msbuild/2003">
  <ItemGroup>
    <Filter Include="源文件">
      <UniqueIdentifier>{4FC737F1-C7A5-4376-A066-2A32D752A2FF}</UniqueIdentifier>
      <Extensions>cpp;c;cc;cxx;def;odl;idl;hpj;bat;asm;asmx</Extensions>
    </Filter>
    <Filter Include="头文件">
      <UniqueIdentifier>{93995380-89BD-4b04-88EB-625FBE52EBFB}</UniqueIdentifier>
      <Extensions>h;hpp;hxx;hm;inl;inc;xsd</Extensions>
    </Filter>
    <Filter Include="资源文件">
      <UniqueIdentifier>{67DA6AB6-F800-4c08-8B7A-83BB121AAD01}</UniqueIdentifier>
      <Extensions>rc;ico;cur;bmp;dlg;rc2;rct;bin;rgs;gif;jpg;jpeg;jpe;resx;tiff;tif;png;wav;mfcribbon-ms</Extensions>
    </Filter>
    <Filter Include="源文件\好未来">
      <UniqueIdentifier>{56f42937-b0f7-4725-a2ad-3b6d1a2a9bf2}</UniqueIdentifier>
    </Filter>
    <Filter Include="源文件\完美模拟笔试">
      <UniqueIdentifier>{f89d9337-ebc2-429e-8c2b-765b36604f15}</UniqueIdentifier>
    </Filter>
    <Filter Include="源文件\盛大笔试">
      <UniqueIdentifier>{835013a7-2ae2-4d83-9599-4954972c3683}</UniqueIdentifier>
    </Filter>
    <Filter Include="源文件\去哪儿">
      <UniqueIdentifier>{2fdb7fbf-ddab-4c1b-8bb9-7edcc6b28964}</UniqueIdentifier>
    </Filter>
    <Filter Include="源文件\美团">
      <UniqueIdentifier>{78349389-7e39-40f1-9aaa-ea91aba7633b}</UniqueIdentifier>
    </Filter>
    <Filter Include="源文件\科大讯飞">
      <UniqueIdentifier>{e2a40e89-5b9d-44ce-9a8b-48e7f7fc2301}</UniqueIdentifier>
    </Filter>
    <Filter Include="源文件\阿里">
      <UniqueIdentifier>{c785c978-d3fc-4f13-aecf-bbf0bead7743}</UniqueIdentifier>
    </Filter>
    <Filter Include="源文件\网易呼吁">
      <UniqueIdentifier>{248cdf31-6301-4353-abda-b1230ad671d6}</UniqueIdentifier>
    </Filter>
  </ItemGroup>
  <ItemGroup>
    <ClCompile Include="丰收.cpp">
      <Filter>源文件</Filter>
    </ClCompile>
    <ClCompile Include="塔.cpp">
      <Filter>源文件</Filter>
    </ClCompile>
    <ClCompile Include="丰收2.cpp">
      <Filter>源文件</Filter>
    </ClCompile>
    <ClCompile Include="大巴车.cpp">
      <Filter>源文件</Filter>
    </ClCompile>
    <ClCompile Include="城市面积.cpp">
      <Filter>源文件</Filter>
    </ClCompile>
    <ClCompile Include="Array.cpp">
      <Filter>源文件</Filter>
    </ClCompile>
    <ClCompile Include="看花.cpp">
      <Filter>源文件</Filter>
    </ClCompile>
    <ClCompile Include="好未来1.cpp">
      <Filter>源文件\好未来</Filter>
    </ClCompile>
    <ClCompile Include="好未来2.cpp">
      <Filter>源文件\好未来</Filter>
    </ClCompile>
    <ClCompile Include="好未来3.cpp">
      <Filter>源文件\好未来</Filter>
    </ClCompile>
    <ClCompile Include="好未来4.cpp">
      <Filter>源文件\好未来</Filter>
    </ClCompile>
    <ClCompile Include="好未来5.cpp">
      <Filter>源文件\好未来</Filter>
    </ClCompile>
    <ClCompile Include="好未来6.cpp">
      <Filter>源文件\好未来</Filter>
    </ClCompile>
    <ClCompile Include="1. 多线程合作打印.cpp">
      <Filter>源文件\完美模拟笔试</Filter>
    </ClCompile>
    <ClCompile Include="2. 最小的K个数.cpp">
      <Filter>源文件\完美模拟笔试</Filter>
    </ClCompile>
    <ClCompile Include="5. 方块消除游戏.cpp">
      <Filter>源文件\完美模拟笔试</Filter>
    </ClCompile>
    <ClCompile Include="6. 源生质数.cpp">
      <Filter>源文件\完美模拟笔试</Filter>
    </ClCompile>
    <ClCompile Include="4. 最短最优升级路径.cpp">
      <Filter>源文件\完美模拟笔试</Filter>
    </ClCompile>
    <ClCompile Include="知乎2.cpp">
      <Filter>源文件</Filter>
    </ClCompile>
    <ClCompile Include="1. 最长公共子序列.cpp">
      <Filter>源文件\去哪儿</Filter>
    </ClCompile>
    <ClCompile Include="2. 凸多边形.cpp">
      <Filter>源文件\去哪儿</Filter>
    </ClCompile>
    <ClCompile Include="区间统计.cpp">
      <Filter>源文件\美团</Filter>
    </ClCompile>
    <ClCompile Include="图的遍历.cpp">
      <Filter>源文件\美团</Filter>
    </ClCompile>
    <ClCompile Include="修改成绩.cpp">
      <Filter>源文件\科大讯飞</Filter>
    </ClCompile>
    <ClCompile Include="2. 杀手.cpp">
      <Filter>源文件\科大讯飞</Filter>
    </ClCompile>
    <ClCompile Include="1.智能分词 .cpp">
      <Filter>源文件\阿里</Filter>
    </ClCompile>
    <ClCompile Include="K-V.cpp">
      <Filter>源文件\阿里</Filter>
    </ClCompile>
    <ClCompile Include="字符串.cpp">
      <Filter>源文件\网易呼吁</Filter>
    </ClCompile>
    <ClCompile Include="日志查询.cpp">
      <Filter>源文件\网易呼吁</Filter>
    </ClCompile>
    <ClCompile Include="进制组合.cpp">
      <Filter>源文件\网易呼吁</Filter>
    </ClCompile>
  </ItemGroup>
</Project>