<?xml version="1.0" encoding="utf-8"?>
<Project ToolsVersion="4.0" xmlns="http://schemas.microsoft.com/developer/msbuild/2003">
  <ItemGroup>
    <Filter Include="源文件">
      <UniqueIdentifier>{4FC737F1-C7A5-4376-A066-2A32D752A2FF}</UniqueIdentifier>
      <Extensions>cpp;c;cc;cxx;def;odl;idl;hpj;bat;asm;asmx</Extensions>
    </Filter>
    <Filter Include="头文件">
      <UniqueIdentifier>{93995380-89BD-4b04-88EB-625FBE52EBFB}</UniqueIdentifier>
      <Extensions>h;hpp;hxx;hm;inl;inc;xsd</Extensions>
    </Filter>
    <Filter Include="资源文件">
      <UniqueIdentifier>{67DA6AB6-F800-4c08-8B7A-83BB121AAD01}</UniqueIdentifier>
      <Extensions>rc;ico;cur;bmp;dlg;rc2;rct;bin;rgs;gif;jpg;jpeg;jpe;resx;tiff;tif;png;wav;mfcribbon-ms</Extensions>
    </Filter>
    <Filter Include="源文件\已完成">
      <UniqueIdentifier>{16066df1-d857-4130-af14-5cc5d8a2d183}</UniqueIdentifier>
    </Filter>
    <Filter Include="源文件\待解决">
      <UniqueIdentifier>{3980502a-6016-4787-b21d-7d36b8b136bb}</UniqueIdentifier>
    </Filter>
    <Filter Include="源文件\已完成\三位数">
      <UniqueIdentifier>{6e965eb2-9cd5-4573-b512-eadcad70739c}</UniqueIdentifier>
    </Filter>
    <Filter Include="源文件\已完成\两位数">
      <UniqueIdentifier>{33a25a1e-87df-413f-8143-fa0f30b17f02}</UniqueIdentifier>
    </Filter>
    <Filter Include="源文件\已完成\一位数">
      <UniqueIdentifier>{40ce895c-d006-4471-a0e0-9dd3f04101de}</UniqueIdentifier>
    </Filter>
  </ItemGroup>
  <ItemGroup>
    <ClCompile Include="30. 插入区间.cpp">
      <Filter>源文件\待解决</Filter>
    </ClCompile>
    <ClCompile Include="876. 连接字符串.cpp">
      <Filter>源文件\已完成\三位数</Filter>
    </ClCompile>
    <ClCompile Include="3. 统计数字.cpp">
      <Filter>源文件\待解决</Filter>
    </ClCompile>
    <ClCompile Include="22. 平面列表.cpp">
      <Filter>源文件\已完成\两位数</Filter>
    </ClCompile>
    <ClCompile Include="11. 二叉查找树中搜索区间.cpp">
      <Filter>源文件\已完成\两位数</Filter>
    </ClCompile>
    <ClCompile Include="12. 带有最小值操作的栈.cpp">
      <Filter>源文件\已完成\两位数</Filter>
    </ClCompile>
    <ClCompile Include="14. 二分查找.cpp">
      <Filter>源文件\已完成\两位数</Filter>
    </ClCompile>
    <ClCompile Include="13. Implement strStr().cpp">
      <Filter>源文件\已完成\两位数</Filter>
    </ClCompile>
    <ClCompile Include="28. 搜索二维矩阵.cpp">
      <Filter>源文件\已完成\两位数</Filter>
    </ClCompile>
    <ClCompile Include="31. 数组划分.cpp">
      <Filter>源文件\已完成\两位数</Filter>
    </ClCompile>
    <ClCompile Include="32. 最小子串覆盖.cpp">
      <Filter>源文件\已完成\两位数</Filter>
    </ClCompile>
    <ClCompile Include="35. 翻转链表.cpp">
      <Filter>源文件\已完成\两位数</Filter>
    </ClCompile>
    <ClCompile Include="36. 翻转链表II.cpp">
      <Filter>源文件\已完成\两位数</Filter>
    </ClCompile>
    <ClCompile Include="37. 翻转一个3位整数.cpp">
      <Filter>源文件\已完成\两位数</Filter>
    </ClCompile>
    <ClCompile Include="38. 搜索二维矩阵.cpp">
      <Filter>源文件\已完成\两位数</Filter>
    </ClCompile>
    <ClCompile Include="39. 恢复旋转排序数组.cpp">
      <Filter>源文件\已完成\两位数</Filter>
    </ClCompile>
    <ClCompile Include="40. 用栈实现队列.cpp">
      <Filter>源文件\已完成\两位数</Filter>
    </ClCompile>
    <ClCompile Include="41. 最大子数组.cpp">
      <Filter>源文件\已完成\两位数</Filter>
    </ClCompile>
    <ClCompile Include="44. 最小子数组.cpp">
      <Filter>源文件\已完成\两位数</Filter>
    </ClCompile>
    <ClCompile Include="49. 字符大小写排序.cpp">
      <Filter>源文件\已完成\两位数</Filter>
    </ClCompile>
    <ClCompile Include="1. a+b.cpp">
      <Filter>源文件\已完成\一位数</Filter>
    </ClCompile>
    <ClCompile Include="2. 尾部的0.cpp">
      <Filter>源文件\已完成\一位数</Filter>
    </ClCompile>
    <ClCompile Include="5. 第K大的数.cpp">
      <Filter>源文件\已完成\一位数</Filter>
    </ClCompile>
    <ClCompile Include="6. 合并排序数组II.cpp">
      <Filter>源文件\已完成\一位数</Filter>
    </ClCompile>
    <ClCompile Include="7. 二叉树的序列化和反序列化.cpp">
      <Filter>源文件\已完成\一位数</Filter>
    </ClCompile>
    <ClCompile Include="8. 旋转字符串.cpp">
      <Filter>源文件\已完成\一位数</Filter>
    </ClCompile>
    <ClCompile Include="9. Fizz Buzz 问题.cpp">
      <Filter>源文件\已完成\一位数</Filter>
    </ClCompile>
    <ClCompile Include="54. String to Integer (atoi).cpp">
      <Filter>源文件\已完成\两位数</Filter>
    </ClCompile>
    <ClCompile Include="61. 搜索区间.cpp">
      <Filter>源文件\已完成\两位数</Filter>
    </ClCompile>
    <ClCompile Include="62. 搜索旋转排序数组.cpp">
      <Filter>源文件\已完成\两位数</Filter>
    </ClCompile>
    <ClCompile Include="63. 搜索旋转排序数组 II.cpp">
      <Filter>源文件\已完成\两位数</Filter>
    </ClCompile>
    <ClCompile Include="56. 两数之和.cpp">
      <Filter>源文件\待解决</Filter>
    </ClCompile>
    <ClCompile Include="53. 翻转字符串.cpp">
      <Filter>源文件\已完成\两位数</Filter>
    </ClCompile>
    <ClCompile Include="69. 二叉树的层序遍历.cpp">
      <Filter>源文件\已完成\两位数</Filter>
    </ClCompile>
    <ClCompile Include="70. 二叉树的层序遍历II.cpp">
      <Filter>源文件\已完成\两位数</Filter>
    </ClCompile>
    <ClCompile Include="78. 最长公共前缀.cpp">
      <Filter>源文件\已完成\两位数</Filter>
    </ClCompile>
    <ClCompile Include="82. 落单的数.cpp">
      <Filter>源文件\已完成\两位数</Filter>
    </ClCompile>
    <ClCompile Include="83. 简单的数II.cpp">
      <Filter>源文件\已完成\两位数</Filter>
    </ClCompile>
    <ClCompile Include="46. Majority Element.cpp">
      <Filter>源文件\已完成\两位数</Filter>
    </ClCompile>
    <ClCompile Include="17. 子集.cpp">
      <Filter>源文件\已完成\两位数</Filter>
    </ClCompile>
    <ClCompile Include="15. 全排列.cpp">
      <Filter>源文件\已完成\两位数</Filter>
    </ClCompile>
    <ClCompile Include="64. 合并排序数组.cpp">
      <Filter>源文件\已完成\两位数</Filter>
    </ClCompile>
    <ClCompile Include="66. 二叉树的前序遍历.cpp">
      <Filter>源文件\已完成\两位数</Filter>
    </ClCompile>
    <ClCompile Include="67. 二叉树的中序遍历.cpp">
      <Filter>源文件\已完成\两位数</Filter>
    </ClCompile>
    <ClCompile Include="16. 带重复元素的排列.cpp">
      <Filter>源文件\已完成\两位数</Filter>
    </ClCompile>
    <ClCompile Include="68. 二叉树的后序遍历.cpp">
      <Filter>源文件\已完成\两位数</Filter>
    </ClCompile>
    <ClCompile Include="47. Majority Element II.cpp">
      <Filter>源文件\已完成\两位数</Filter>
    </ClCompile>
    <ClCompile Include="51. 上一个排列.cpp">
      <Filter>源文件\待解决</Filter>
    </ClCompile>
    <ClCompile Include="55. 比较字符串.cpp">
      <Filter>源文件\已完成\两位数</Filter>
    </ClCompile>
    <ClCompile Include="29. 交叉字符串.cpp">
      <Filter>源文件\已完成\两位数</Filter>
    </ClCompile>
    <ClCompile Include="118. 不同的子序列.cpp">
      <Filter>源文件\待解决</Filter>
    </ClCompile>
    <ClCompile Include="375. 克隆二叉树.cpp">
      <Filter>源文件\已完成\三位数</Filter>
    </ClCompile>
    <ClCompile Include="191. 乘积最大子序列.cpp">
      <Filter>源文件\已完成\三位数</Filter>
    </ClCompile>
    <ClCompile Include="75. 寻找峰值.cpp">
      <Filter>源文件\已完成\两位数</Filter>
    </ClCompile>
    <ClCompile Include="76. 最长上升子序列.cpp">
      <Filter>源文件\已完成\两位数</Filter>
    </ClCompile>
    <ClCompile Include="18. 子集II.cpp">
      <Filter>源文件\已完成\两位数</Filter>
    </ClCompile>
  </ItemGroup>
</Project>