<?xml version="1.0" encoding="utf-8"?>
<Project ToolsVersion="4.0" xmlns="http://schemas.microsoft.com/developer/msbuild/2003">
  <ItemGroup>
    <Filter Include="源文件">
      <UniqueIdentifier>{4FC737F1-C7A5-4376-A066-2A32D752A2FF}</UniqueIdentifier>
      <Extensions>cpp;c;cc;cxx;def;odl;idl;hpj;bat;asm;asmx</Extensions>
    </Filter>
    <Filter Include="头文件">
      <UniqueIdentifier>{93995380-89BD-4b04-88EB-625FBE52EBFB}</UniqueIdentifier>
      <Extensions>h;hpp;hxx;hm;inl;inc;xsd</Extensions>
    </Filter>
    <Filter Include="资源文件">
      <UniqueIdentifier>{67DA6AB6-F800-4c08-8B7A-83BB121AAD01}</UniqueIdentifier>
      <Extensions>rc;ico;cur;bmp;dlg;rc2;rct;bin;rgs;gif;jpg;jpeg;jpe;resx;tiff;tif;png;wav;mfcribbon-ms</Extensions>
    </Filter>
    <Filter Include="源文件\已完成">
      <UniqueIdentifier>{16066df1-d857-4130-af14-5cc5d8a2d183}</UniqueIdentifier>
    </Filter>
    <Filter Include="源文件\待解决">
      <UniqueIdentifier>{3980502a-6016-4787-b21d-7d36b8b136bb}</UniqueIdentifier>
    </Filter>
    <Filter Include="源文件\已完成\三位数">
      <UniqueIdentifier>{6e965eb2-9cd5-4573-b512-eadcad70739c}</UniqueIdentifier>
    </Filter>
    <Filter Include="源文件\已完成\四位数">
      <UniqueIdentifier>{503f384e-02df-4a46-b87e-1e8fa94e360e}</UniqueIdentifier>
    </Filter>
    <Filter Include="源文件\已完成\1~9">
      <UniqueIdentifier>{0ac0102c-3141-42f9-8a40-5fda28121424}</UniqueIdentifier>
    </Filter>
    <Filter Include="源文件\已完成\100~199">
      <UniqueIdentifier>{e92311f9-9be5-41b9-b369-3c0980a5c670}</UniqueIdentifier>
    </Filter>
    <Filter Include="源文件\已完成\10~99">
      <UniqueIdentifier>{33a25a1e-87df-413f-8143-fa0f30b17f02}</UniqueIdentifier>
    </Filter>
  </ItemGroup>
  <ItemGroup>
    <ClCompile Include="876. 连接字符串.cpp">
      <Filter>源文件\已完成\三位数</Filter>
    </ClCompile>
    <ClCompile Include="22. 平面列表.cpp">
      <Filter>源文件\已完成\10~99</Filter>
    </ClCompile>
    <ClCompile Include="11. 二叉查找树中搜索区间.cpp">
      <Filter>源文件\已完成\10~99</Filter>
    </ClCompile>
    <ClCompile Include="12. 带有最小值操作的栈.cpp">
      <Filter>源文件\已完成\10~99</Filter>
    </ClCompile>
    <ClCompile Include="14. 二分查找.cpp">
      <Filter>源文件\已完成\10~99</Filter>
    </ClCompile>
    <ClCompile Include="13. Implement strStr().cpp">
      <Filter>源文件\已完成\10~99</Filter>
    </ClCompile>
    <ClCompile Include="28. 搜索二维矩阵.cpp">
      <Filter>源文件\已完成\10~99</Filter>
    </ClCompile>
    <ClCompile Include="31. 数组划分.cpp">
      <Filter>源文件\已完成\10~99</Filter>
    </ClCompile>
    <ClCompile Include="32. 最小子串覆盖.cpp">
      <Filter>源文件\已完成\10~99</Filter>
    </ClCompile>
    <ClCompile Include="35. 翻转链表.cpp">
      <Filter>源文件\已完成\10~99</Filter>
    </ClCompile>
    <ClCompile Include="36. 翻转链表II.cpp">
      <Filter>源文件\已完成\10~99</Filter>
    </ClCompile>
    <ClCompile Include="37. 翻转一个3位整数.cpp">
      <Filter>源文件\已完成\10~99</Filter>
    </ClCompile>
    <ClCompile Include="38. 搜索二维矩阵.cpp">
      <Filter>源文件\已完成\10~99</Filter>
    </ClCompile>
    <ClCompile Include="39. 恢复旋转排序数组.cpp">
      <Filter>源文件\已完成\10~99</Filter>
    </ClCompile>
    <ClCompile Include="40. 用栈实现队列.cpp">
      <Filter>源文件\已完成\10~99</Filter>
    </ClCompile>
    <ClCompile Include="41. 最大子数组.cpp">
      <Filter>源文件\已完成\10~99</Filter>
    </ClCompile>
    <ClCompile Include="44. 最小子数组.cpp">
      <Filter>源文件\已完成\10~99</Filter>
    </ClCompile>
    <ClCompile Include="49. 字符大小写排序.cpp">
      <Filter>源文件\已完成\10~99</Filter>
    </ClCompile>
    <ClCompile Include="54. String to Integer (atoi).cpp">
      <Filter>源文件\已完成\10~99</Filter>
    </ClCompile>
    <ClCompile Include="61. 搜索区间.cpp">
      <Filter>源文件\已完成\10~99</Filter>
    </ClCompile>
    <ClCompile Include="62. 搜索旋转排序数组.cpp">
      <Filter>源文件\已完成\10~99</Filter>
    </ClCompile>
    <ClCompile Include="63. 搜索旋转排序数组 II.cpp">
      <Filter>源文件\已完成\10~99</Filter>
    </ClCompile>
    <ClCompile Include="53. 翻转字符串.cpp">
      <Filter>源文件\已完成\10~99</Filter>
    </ClCompile>
    <ClCompile Include="69. 二叉树的层序遍历.cpp">
      <Filter>源文件\已完成\10~99</Filter>
    </ClCompile>
    <ClCompile Include="70. 二叉树的层序遍历II.cpp">
      <Filter>源文件\已完成\10~99</Filter>
    </ClCompile>
    <ClCompile Include="78. 最长公共前缀.cpp">
      <Filter>源文件\已完成\10~99</Filter>
    </ClCompile>
    <ClCompile Include="82. 落单的数.cpp">
      <Filter>源文件\已完成\10~99</Filter>
    </ClCompile>
    <ClCompile Include="83. 简单的数II.cpp">
      <Filter>源文件\已完成\10~99</Filter>
    </ClCompile>
    <ClCompile Include="46. Majority Element.cpp">
      <Filter>源文件\已完成\10~99</Filter>
    </ClCompile>
    <ClCompile Include="17. 子集.cpp">
      <Filter>源文件\已完成\10~99</Filter>
    </ClCompile>
    <ClCompile Include="15. 全排列.cpp">
      <Filter>源文件\已完成\10~99</Filter>
    </ClCompile>
    <ClCompile Include="64. 合并排序数组.cpp">
      <Filter>源文件\已完成\10~99</Filter>
    </ClCompile>
    <ClCompile Include="66. 二叉树的前序遍历.cpp">
      <Filter>源文件\已完成\10~99</Filter>
    </ClCompile>
    <ClCompile Include="67. 二叉树的中序遍历.cpp">
      <Filter>源文件\已完成\10~99</Filter>
    </ClCompile>
    <ClCompile Include="16. 带重复元素的排列.cpp">
      <Filter>源文件\已完成\10~99</Filter>
    </ClCompile>
    <ClCompile Include="68. 二叉树的后序遍历.cpp">
      <Filter>源文件\已完成\10~99</Filter>
    </ClCompile>
    <ClCompile Include="47. Majority Element II.cpp">
      <Filter>源文件\已完成\10~99</Filter>
    </ClCompile>
    <ClCompile Include="55. 比较字符串.cpp">
      <Filter>源文件\已完成\10~99</Filter>
    </ClCompile>
    <ClCompile Include="29. 交叉字符串.cpp">
      <Filter>源文件\已完成\10~99</Filter>
    </ClCompile>
    <ClCompile Include="118. 不同的子序列.cpp">
      <Filter>源文件\待解决</Filter>
    </ClCompile>
    <ClCompile Include="375. 克隆二叉树.cpp">
      <Filter>源文件\已完成\三位数</Filter>
    </ClCompile>
    <ClCompile Include="75. 寻找峰值.cpp">
      <Filter>源文件\已完成\10~99</Filter>
    </ClCompile>
    <ClCompile Include="76. 最长上升子序列.cpp">
      <Filter>源文件\已完成\10~99</Filter>
    </ClCompile>
    <ClCompile Include="18. 子集II.cpp">
      <Filter>源文件\已完成\10~99</Filter>
    </ClCompile>
    <ClCompile Include="865. 移除9.cpp">
      <Filter>源文件\已完成\三位数</Filter>
    </ClCompile>
    <ClCompile Include="1188. Minimum Absolute Difference in BST.cpp">
      <Filter>源文件\已完成\四位数</Filter>
    </ClCompile>
    <ClCompile Include="90. K数之和.cpp">
      <Filter>源文件\已完成\10~99</Filter>
    </ClCompile>
    <ClCompile Include="659. Encode and Decode Strings.cpp">
      <Filter>源文件\已完成\三位数</Filter>
    </ClCompile>
    <ClCompile Include="77. 最长公共子序列.cpp">
      <Filter>源文件\已完成\10~99</Filter>
    </ClCompile>
    <ClCompile Include="976. 4Sum II.cpp">
      <Filter>源文件\已完成\三位数</Filter>
    </ClCompile>
    <ClCompile Include="669. 换硬币.cpp">
      <Filter>源文件\已完成\三位数</Filter>
    </ClCompile>
    <ClCompile Include="916. 回文排列.cpp">
      <Filter>源文件\已完成\三位数</Filter>
    </ClCompile>
    <ClCompile Include="79. 最长公共子串.cpp">
      <Filter>源文件\已完成\10~99</Filter>
    </ClCompile>
    <ClCompile Include="57. 三数之和.cpp">
      <Filter>源文件\已完成\10~99</Filter>
    </ClCompile>
    <ClCompile Include="48. 主元素 III.cpp">
      <Filter>源文件\已完成\10~99</Filter>
    </ClCompile>
    <ClCompile Include="71. 二叉树的锯齿形层次遍历.cpp">
      <Filter>源文件\已完成\10~99</Filter>
    </ClCompile>
    <ClCompile Include="74. 第一个错误的代码版本.cpp">
      <Filter>源文件\已完成\10~99</Filter>
    </ClCompile>
    <ClCompile Include="84. 落单的数 III.cpp">
      <Filter>源文件\已完成\10~99</Filter>
    </ClCompile>
    <ClCompile Include="824. 落单的数 IV.cpp">
      <Filter>源文件\已完成\三位数</Filter>
    </ClCompile>
    <ClCompile Include="80. 中位数.cpp">
      <Filter>源文件\已完成\10~99</Filter>
    </ClCompile>
    <ClCompile Include="56. 两数之和.cpp">
      <Filter>源文件\已完成\10~99</Filter>
    </ClCompile>
    <ClCompile Include="93. 平衡二叉树.cpp">
      <Filter>源文件\已完成\10~99</Filter>
    </ClCompile>
    <ClCompile Include="95. 验证二叉查找树.cpp">
      <Filter>源文件\已完成\10~99</Filter>
    </ClCompile>
    <ClCompile Include="448. 二叉查找树的中序后继.cpp">
      <Filter>源文件\已完成\三位数</Filter>
    </ClCompile>
    <ClCompile Include="86. 二叉查找树迭代器.cpp">
      <Filter>源文件\已完成\10~99</Filter>
    </ClCompile>
    <ClCompile Include="97. 二叉树的最大深度.cpp">
      <Filter>源文件\已完成\10~99</Filter>
    </ClCompile>
    <ClCompile Include="650. Find Leaves of Binary Tree.cpp">
      <Filter>源文件\已完成\三位数</Filter>
    </ClCompile>
    <ClCompile Include="50. 数组剔除元素后的乘积.cpp">
      <Filter>源文件\已完成\10~99</Filter>
    </ClCompile>
    <ClCompile Include="42. 最大字数组II%281%29.cpp">
      <Filter>源文件\已完成\10~99</Filter>
    </ClCompile>
    <ClCompile Include="42. 最大子数组 II(2).cpp">
      <Filter>源文件\已完成\10~99</Filter>
    </ClCompile>
    <ClCompile Include="94. 二叉树中的最大路径和.cpp">
      <Filter>源文件\已完成\10~99</Filter>
    </ClCompile>
    <ClCompile Include="96. 链表划分.cpp">
      <Filter>源文件\已完成\10~99</Filter>
    </ClCompile>
    <ClCompile Include="59. 最接近的三数之和.cpp">
      <Filter>源文件\已完成\10~99</Filter>
    </ClCompile>
    <ClCompile Include="100. 删除排序数组中的重复数字.cpp">
      <Filter>源文件\已完成\100~199</Filter>
    </ClCompile>
    <ClCompile Include="101. 删除排序数组中的重复数字 II.cpp">
      <Filter>源文件\已完成\100~199</Filter>
    </ClCompile>
    <ClCompile Include="102. 带环链表.cpp">
      <Filter>源文件\已完成\100~199</Filter>
    </ClCompile>
    <ClCompile Include="104. Merge K Sorted Lists.cpp">
      <Filter>源文件\已完成\100~199</Filter>
    </ClCompile>
    <ClCompile Include="155. 二叉树的最小深度.cpp">
      <Filter>源文件\已完成\100~199</Filter>
    </ClCompile>
    <ClCompile Include="184. 最大数.cpp">
      <Filter>源文件\已完成\100~199</Filter>
    </ClCompile>
    <ClCompile Include="191. 乘积最大子序列.cpp">
      <Filter>源文件\已完成\100~199</Filter>
    </ClCompile>
    <ClCompile Include="107. 单词拆分 I.cpp">
      <Filter>源文件\已完成\100~199</Filter>
    </ClCompile>
    <ClCompile Include="582. 单词拆分II.cpp">
      <Filter>源文件\待解决</Filter>
    </ClCompile>
    <ClCompile Include="111. 爬楼梯.cpp">
      <Filter>源文件\已完成\100~199</Filter>
    </ClCompile>
    <ClCompile Include="1. a+b.cpp">
      <Filter>源文件\已完成\1~9</Filter>
    </ClCompile>
    <ClCompile Include="2. 尾部的0.cpp">
      <Filter>源文件\已完成\1~9</Filter>
    </ClCompile>
    <ClCompile Include="3. 统计数字.cpp">
      <Filter>源文件\已完成\1~9</Filter>
    </ClCompile>
    <ClCompile Include="5. 第K大的数.cpp">
      <Filter>源文件\已完成\1~9</Filter>
    </ClCompile>
    <ClCompile Include="6. 合并排序数组II.cpp">
      <Filter>源文件\已完成\1~9</Filter>
    </ClCompile>
    <ClCompile Include="7. 二叉树的序列化和反序列化.cpp">
      <Filter>源文件\已完成\1~9</Filter>
    </ClCompile>
    <ClCompile Include="9. Fizz Buzz 问题.cpp">
      <Filter>源文件\已完成\1~9</Filter>
    </ClCompile>
    <ClCompile Include="8. 旋转字符串.cpp">
      <Filter>源文件\已完成\1~9</Filter>
    </ClCompile>
    <ClCompile Include="112. 删除排序链表中的重复元素.cpp">
      <Filter>源文件\已完成\100~199</Filter>
    </ClCompile>
    <ClCompile Include="113. 删除排序链表中的重复数字 II.cpp">
      <Filter>源文件\已完成\100~199</Filter>
    </ClCompile>
    <ClCompile Include="452. 删除链表中的元素.cpp">
      <Filter>源文件\已完成\三位数</Filter>
    </ClCompile>
    <ClCompile Include="110. 最小路径和.cpp">
      <Filter>源文件\已完成\100~199</Filter>
    </ClCompile>
    <ClCompile Include="114. 不同的路径.cpp">
      <Filter>源文件\已完成\100~199</Filter>
    </ClCompile>
    <ClCompile Include="115. 不同的路径 II.cpp">
      <Filter>源文件\已完成\100~199</Filter>
    </ClCompile>
    <ClCompile Include="106. Convert Sorted List to Binary Search Tree.cpp">
      <Filter>源文件\已完成\100~199</Filter>
    </ClCompile>
    <ClCompile Include="124. 最长连续序列.cpp">
      <Filter>源文件\待解决</Filter>
    </ClCompile>
    <ClCompile Include="105. 复制带随机指针的链表.cpp">
      <Filter>源文件\已完成\100~199</Filter>
    </ClCompile>
    <ClCompile Include="85. 在二叉查找树中插入节点.cpp">
      <Filter>源文件\已完成\10~99</Filter>
    </ClCompile>
    <ClCompile Include="130. 堆化.cpp">
      <Filter>源文件\已完成\100~199</Filter>
    </ClCompile>
    <ClCompile Include="109. 数字三角形.cpp">
      <Filter>源文件\已完成\100~199</Filter>
    </ClCompile>
    <ClCompile Include="119. 编辑距离.cpp">
      <Filter>源文件\待解决</Filter>
    </ClCompile>
    <ClCompile Include="129. 重哈希.cpp">
      <Filter>源文件\已完成\100~199</Filter>
    </ClCompile>
    <ClCompile Include="138. 子数组之和.cpp">
      <Filter>源文件\已完成\100~199</Filter>
    </ClCompile>
    <ClCompile Include="428. x的n次幂.cpp">
      <Filter>源文件\已完成\三位数</Filter>
    </ClCompile>
    <ClCompile Include="142. O(1)时间检测2的幂次.cpp">
      <Filter>源文件\已完成\100~199</Filter>
    </ClCompile>
    <ClCompile Include="365. 二进制中有多少个1.cpp">
      <Filter>源文件\已完成\三位数</Filter>
    </ClCompile>
    <ClCompile Include="140. 快速幂.cpp">
      <Filter>源文件\已完成\100~199</Filter>
    </ClCompile>
    <ClCompile Include="170. 旋转链表.cpp">
      <Filter>源文件\已完成\100~199</Filter>
    </ClCompile>
    <ClCompile Include="144. 交错正负数.cpp">
      <Filter>源文件\已完成\100~199</Filter>
    </ClCompile>
    <ClCompile Include="149. 买卖股票的最佳时机.cpp">
      <Filter>源文件\已完成\100~199</Filter>
    </ClCompile>
    <ClCompile Include="171. 乱序字符串.cpp">
      <Filter>源文件\已完成\100~199</Filter>
    </ClCompile>
    <ClCompile Include="172. 删除元素.cpp">
      <Filter>源文件\已完成\100~199</Filter>
    </ClCompile>
    <ClCompile Include="60. 搜索插入位置.cpp">
      <Filter>源文件\已完成\10~99</Filter>
    </ClCompile>
    <ClCompile Include="178. 图是否是树.cpp">
      <Filter>源文件\待解决</Filter>
    </ClCompile>
    <ClCompile Include="179. 更新二进制位.cpp">
      <Filter>源文件\已完成\100~199</Filter>
    </ClCompile>
    <ClCompile Include="371. 用递归打印数字.cpp">
      <Filter>源文件\已完成\三位数</Filter>
    </ClCompile>
    <ClCompile Include="165. 合并两个排序链表.cpp">
      <Filter>源文件\已完成\100~199</Filter>
    </ClCompile>
    <ClCompile Include="141. x的平方根.cpp">
      <Filter>源文件\已完成\100~199</Filter>
    </ClCompile>
    <ClCompile Include="133. Longest Word.cpp">
      <Filter>源文件\已完成\100~199</Filter>
    </ClCompile>
    <ClCompile Include="103. 带环链表 II.cpp">
      <Filter>源文件\已完成\100~199</Filter>
    </ClCompile>
    <ClCompile Include="166. 链表倒数第n个节点.cpp">
      <Filter>源文件\已完成\100~199</Filter>
    </ClCompile>
    <ClCompile Include="174. 删除链表中倒数第n个节点.cpp">
      <Filter>源文件\已完成\100~199</Filter>
    </ClCompile>
    <ClCompile Include="175. 翻转二叉树.cpp">
      <Filter>源文件\已完成\100~199</Filter>
    </ClCompile>
    <ClCompile Include="88. Lowest Common Ancestor of a Binary Tree.cpp">
      <Filter>源文件\已完成\10~99</Filter>
    </ClCompile>
    <ClCompile Include="156. 合并区间.cpp">
      <Filter>源文件\已完成\100~199</Filter>
    </ClCompile>
    <ClCompile Include="30. 插入区间.cpp">
      <Filter>源文件\已完成\10~99</Filter>
    </ClCompile>
    <ClCompile Include="72. 中序遍历和后序遍历树构造二叉树.cpp">
      <Filter>源文件\已完成\10~99</Filter>
    </ClCompile>
    <ClCompile Include="73. 前序遍历和中序遍历树构造二叉树.cpp">
      <Filter>源文件\已完成\10~99</Filter>
    </ClCompile>
    <ClCompile Include="58. 四数之和.cpp">
      <Filter>源文件\待解决</Filter>
    </ClCompile>
    <ClCompile Include="128. 哈希函数.cpp">
      <Filter>源文件\已完成\100~199</Filter>
    </ClCompile>
    <ClCompile Include="98. 链表排序.cpp">
      <Filter>源文件\已完成\10~99</Filter>
    </ClCompile>
    <ClCompile Include="99. 重排链表.cpp">
      <Filter>源文件\已完成\10~99</Filter>
    </ClCompile>
    <ClCompile Include="1292. Odd Even Linked List.cpp">
      <Filter>源文件\已完成\四位数</Filter>
    </ClCompile>
    <ClCompile Include="4. 丑数 II.cpp">
      <Filter>源文件\已完成\1~9</Filter>
    </ClCompile>
    <ClCompile Include="51. 上一个排列.cpp">
      <Filter>源文件\已完成\10~99</Filter>
    </ClCompile>
    <ClCompile Include="52. 下一个排列.cpp">
      <Filter>源文件\已完成\10~99</Filter>
    </ClCompile>
    <ClCompile Include="33. N皇后问题.cpp">
      <Filter>源文件\已完成\10~99</Filter>
    </ClCompile>
    <ClCompile Include="34. N皇后问题 II.cpp">
      <Filter>源文件\已完成\10~99</Filter>
    </ClCompile>
    <ClCompile Include="157. 判断字符串是否没有重复字符.cpp">
      <Filter>源文件\已完成\100~199</Filter>
    </ClCompile>
  </ItemGroup>
</Project>